// !$*UTF8*$!
{
	archiveVersion = 1;
	classes = {
	};
	objectVersion = 46;
	objects = {

/* Begin PBXBuildFile section */
		04886D151CE991F500A0BAB8 /* main.m in Sources */ = {isa = PBXBuildFile; fileRef = 04886D141CE991F500A0BAB8 /* main.m */; };
		04886D181CE991F500A0BAB8 /* AppDelegate.m in Sources */ = {isa = PBXBuildFile; fileRef = 04886D171CE991F500A0BAB8 /* AppDelegate.m */; };
		04886D1B1CE991F500A0BAB8 /* FirstViewController.m in Sources */ = {isa = PBXBuildFile; fileRef = 04886D1A1CE991F500A0BAB8 /* FirstViewController.m */; };
		04886D1E1CE991F500A0BAB8 /* SecondViewController.m in Sources */ = {isa = PBXBuildFile; fileRef = 04886D1D1CE991F500A0BAB8 /* SecondViewController.m */; };
		04886D211CE991F500A0BAB8 /* Main.storyboard in Resources */ = {isa = PBXBuildFile; fileRef = 04886D1F1CE991F500A0BAB8 /* Main.storyboard */; };
		04886D231CE991F500A0BAB8 /* Assets.xcassets in Resources */ = {isa = PBXBuildFile; fileRef = 04886D221CE991F500A0BAB8 /* Assets.xcassets */; };
		04886D261CE991F500A0BAB8 /* LaunchScreen.storyboard in Resources */ = {isa = PBXBuildFile; fileRef = 04886D241CE991F500A0BAB8 /* LaunchScreen.storyboard */; };
/* End PBXBuildFile section */

/* Begin PBXFileReference section */
		04886D101CE991F500A0BAB8 /* BLE.app */ = {isa = PBXFileReference; explicitFileType = wrapper.application; includeInIndex = 0; path = BLE.app; sourceTree = BUILT_PRODUCTS_DIR; };
		04886D141CE991F500A0BAB8 /* main.m */ = {isa = PBXFileReference; lastKnownFileType = sourcecode.c.objc; path = main.m; sourceTree = "<group>"; };
		04886D161CE991F500A0BAB8 /* AppDelegate.h */ = {isa = PBXFileReference; lastKnownFileType = sourcecode.c.h; path = AppDelegate.h; sourceTree = "<group>"; };
		04886D171CE991F500A0BAB8 /* AppDelegate.m */ = {isa = PBXFileReference; lastKnownFileType = sourcecode.c.objc; path = AppDelegate.m; sourceTree = "<group>"; };
		04886D191CE991F500A0BAB8 /* FirstViewController.h */ = {isa = PBXFileReference; lastKnownFileType = sourcecode.c.h; path = FirstViewController.h; sourceTree = "<group>"; };
		04886D1A1CE991F500A0BAB8 /* FirstViewController.m */ = {isa = PBXFileReference; lastKnownFileType = sourcecode.c.objc; path = FirstViewController.m; sourceTree = "<group>"; };
		04886D1C1CE991F500A0BAB8 /* SecondViewController.h */ = {isa = PBXFileReference; lastKnownFileType = sourcecode.c.h; path = SecondViewController.h; sourceTree = "<group>"; };
		04886D1D1CE991F500A0BAB8 /* SecondViewController.m */ = {isa = PBXFileReference; lastKnownFileType = sourcecode.c.objc; path = SecondViewController.m; sourceTree = "<group>"; };
		04886D201CE991F500A0BAB8 /* Base */ = {isa = PBXFileReference; lastKnownFileType = file.storyboard; name = Base; path = Base.lproj/Main.storyboard; sourceTree = "<group>"; };
		04886D221CE991F500A0BAB8 /* Assets.xcassets */ = {isa = PBXFileReference; lastKnownFileType = folder.assetcatalog; path = Assets.xcassets; sourceTree = "<group>"; };
		04886D251CE991F500A0BAB8 /* Base */ = {isa = PBXFileReference; lastKnownFileType = file.storyboard; name = Base; path = Base.lproj/LaunchScreen.storyboard; sourceTree = "<group>"; };
		04886D271CE991F500A0BAB8 /* Info.plist */ = {isa = PBXFileReference; lastKnownFileType = text.plist.xml; path = Info.plist; sourceTree = "<group>"; };
/* End PBXFileReference section */

/* Begin PBXFrameworksBuildPhase section */
		04886D0D1CE991F500A0BAB8 /* Frameworks */ = {
			isa = PBXFrameworksBuildPhase;
			buildActionMask = 2147483647;
			files = (
			);
			runOnlyForDeploymentPostprocessing = 0;
		};
/* End PBXFrameworksBuildPhase section */

/* Begin PBXGroup section */
		04886D071CE991F500A0BAB8 = {
			isa = PBXGroup;
			children = (
				04886D121CE991F500A0BAB8 /* BLE */,
				04886D111CE991F500A0BAB8 /* Products */,
			);
			sourceTree = "<group>";
		};
		04886D111CE991F500A0BAB8 /* Products */ = {
			isa = PBXGroup;
			children = (
				04886D101CE991F500A0BAB8 /* BLE.app */,
			);
			name = Products;
			sourceTree = "<group>";
		};
		04886D121CE991F500A0BAB8 /* BLE */ = {
			isa = PBXGroup;
			children = (
				04886D161CE991F500A0BAB8 /* AppDelegate.h */,
				04886D171CE991F500A0BAB8 /* AppDelegate.m */,
				04886D191CE991F500A0BAB8 /* FirstViewController.h */,
				04886D1A1CE991F500A0BAB8 /* FirstViewController.m */,
				04886D1C1CE991F500A0BAB8 /* SecondViewController.h */,
				04886D1D1CE991F500A0BAB8 /* SecondViewController.m */,
				04886D1F1CE991F500A0BAB8 /* Main.storyboard */,
				04886D221CE991F500A0BAB8 /* Assets.xcassets */,
				04886D241CE991F500A0BAB8 /* LaunchScreen.storyboard */,
				04886D271CE991F500A0BAB8 /* Info.plist */,
				04886D131CE991F500A0BAB8 /* Supporting Files */,
			);
			path = BLE;
			sourceTree = "<group>";
		};
		04886D131CE991F500A0BAB8 /* Supporting Files */ = {
			isa = PBXGroup;
			children = (
				04886D141CE991F500A0BAB8 /* main.m */,
			);
			name = "Supporting Files";
			sourceTree = "<group>";
		};
/* End PBXGroup section */

/* Begin PBXNativeTarget section */
		04886D0F1CE991F500A0BAB8 /* BLE */ = {
			isa = PBXNativeTarget;
			buildConfigurationList = 04886D2A1CE991F500A0BAB8 /* Build configuration list for PBXNativeTarget "BLE" */;
			buildPhases = (
				04886D0C1CE991F500A0BAB8 /* Sources */,
				04886D0D1CE991F500A0BAB8 /* Frameworks */,
				04886D0E1CE991F500A0BAB8 /* Resources */,
			);
			buildRules = (
			);
			dependencies = (
			);
			name = BLE;
			productName = BLE;
			productReference = 04886D101CE991F500A0BAB8 /* BLE.app */;
			productType = "com.apple.product-type.application";
		};
/* End PBXNativeTarget section */

/* Begin PBXProject section */
		04886D081CE991F500A0BAB8 /* Project object */ = {
			isa = PBXProject;
			attributes = {
				LastUpgradeCheck = 0730;
				ORGANIZATIONNAME = NPP;
				TargetAttributes = {
					04886D0F1CE991F500A0BAB8 = {
						CreatedOnToolsVersion = 7.3;
					};
				};
			};
			buildConfigurationList = 04886D0B1CE991F500A0BAB8 /* Build configuration list for PBXProject "BLE" */;
			compatibilityVersion = "Xcode 3.2";
			developmentRegion = English;
			hasScannedForEncodings = 0;
			knownRegions = (
				en,
				Base,
			);
			mainGroup = 04886D071CE991F500A0BAB8;
			productRefGroup = 04886D111CE991F500A0BAB8 /* Products */;
			projectDirPath = "";
			projectRoot = "";
			targets = (
				04886D0F1CE991F500A0BAB8 /* BLE */,
			);
		};
/* End PBXProject section */

/* Begin PBXResourcesBuildPhase section */
		04886D0E1CE991F500A0BAB8 /* Resources */ = {
			isa = PBXResourcesBuildPhase;
			buildActionMask = 2147483647;
			files = (
				04886D261CE991F500A0BAB8 /* LaunchScreen.storyboard in Resources */,
				04886D231CE991F500A0BAB8 /* Assets.xcassets in Resources */,
				04886D211CE991F500A0BAB8 /* Main.storyboard in Resources */,
			);
			runOnlyForDeploymentPostprocessing = 0;
		};
/* End PBXResourcesBuildPhase section */

/* Begin PBXSourcesBuildPhase section */
		04886D0C1CE991F500A0BAB8 /* Sources */ = {
			isa = PBXSourcesBuildPhase;
			buildActionMask = 2147483647;
			files = (
				04886D1E1CE991F500A0BAB8 /* SecondViewController.m in Sources */,
				04886D181CE991F500A0BAB8 /* AppDelegate.m in Sources */,
				04886D1B1CE991F500A0BAB8 /* FirstViewController.m in Sources */,
				04886D151CE991F500A0BAB8 /* main.m in Sources */,
			);
			runOnlyForDeploymentPostprocessing = 0;
		};
/* End PBXSourcesBuildPhase section */

/* Begin PBXVariantGroup section */
		04886D1F1CE991F500A0BAB8 /* Main.storyboard */ = {
			isa = PBXVariantGroup;
			children = (
				04886D201CE991F500A0BAB8 /* Base */,
			);
			name = Main.storyboard;
			sourceTree = "<group>";
		};
		04886D241CE991F500A0BAB8 /* LaunchScreen.storyboard */ = {
			isa = PBXVariantGroup;
			children = (
				04886D251CE991F500A0BAB8 /* Base */,
			);
			name = LaunchScreen.storyboard;
			sourceTree = "<group>";
		};
/* End PBXVariantGroup section */

/* Begin XCBuildConfiguration section */
		04886D281CE991F500A0BAB8 /* Debug */ = {
			isa = XCBuildConfiguration;
			buildSettings = {
				ALWAYS_SEARCH_USER_PATHS = NO;
				CLANG_ANALYZER_NONNULL = YES;
				CLANG_CXX_LANGUAGE_STANDARD = "gnu++0x";
				CLANG_CXX_LIBRARY = "libc++";
				CLANG_ENABLE_MODULES = YES;
				CLANG_ENABLE_OBJC_ARC = YES;
				CLANG_WARN_BOOL_CONVERSION = YES;
				CLANG_WARN_CONSTANT_CONVERSION = YES;
				CLANG_WARN_DIRECT_OBJC_ISA_USAGE = YES_ERROR;
				CLANG_WARN_EMPTY_BODY = YES;
				CLANG_WARN_ENUM_CONVERSION = YES;
				CLANG_WARN_INT_CONVERSION = YES;
				CLANG_WARN_OBJC_ROOT_CLASS = YES_ERROR;
				CLANG_WARN_UNREACHABLE_CODE = YES;
				CLANG_WARN__DUPLICATE_METHOD_MATCH = YES;
				"CODE_SIGN_IDENTITY[sdk=iphoneos*]" = "iPhone Developer";
				COPY_PHASE_STRIP = NO;
				DEBUG_INFORMATION_FORMAT = dwarf;
				ENABLE_STRICT_OBJC_MSGSEND = YES;
				ENABLE_TESTABILITY = YES;
				GCC_C_LANGUAGE_STANDARD = gnu99;
				GCC_DYNAMIC_NO_PIC = NO;
				GCC_NO_COMMON_BLOCKS = YES;
				GCC_OPTIMIZATION_LEVEL = 0;
				GCC_PREPROCESSOR_DEFINITIONS = (
					"DEBUG=1",
					"$(inherited)",
				);
				GCC_WARN_64_TO_32_BIT_CONVERSION = YES;
				GCC_WARN_ABOUT_RETURN_TYPE = YES_ERROR;
				GCC_WARN_UNDECLARED_SELECTOR = YES;
				GCC_WARN_UNINITIALIZED_AUTOS = YES_AGGRESSIVE;
				GCC_WARN_UNUSED_FUNCTION = YES;
				GCC_WARN_UNUSED_VARIABLE = YES;
				IPHONEOS_DEPLOYMENT_TARGET = 9.3;
				MTL_ENABLE_DEBUG_INFO = YES;
				ONLY_ACTIVE_ARCH = YES;
				SDKROOT = iphoneos;
			};
			name = Debug;
		};
		04886D291CE991F500A0BAB8 /* Release */ = {
			isa = XCBuildConfiguration;
			buildSettings = {
				ALWAYS_SEARCH_USER_PATHS = NO;
				CLANG_ANALYZER_NONNULL = YES;
				CLANG_CXX_LANGUAGE_STANDARD = "gnu++0x";
				CLANG_CXX_LIBRARY = "libc++";
				CLANG_ENABLE_MODULES = YES;
				CLANG_ENABLE_OBJC_ARC = YES;
				CLANG_WARN_BOOL_CONVERSION = YES;
				CLANG_WARN_CONSTANT_CONVERSION = YES;
				CLANG_WARN_DIRECT_OBJC_ISA_USAGE = YES_ERROR;
				CLANG_WARN_EMPTY_BODY = YES;
				CLANG_WARN_ENUM_CONVERSION = YES;
				CLANG_WARN_INT_CONVERSION = YES;
				CLANG_WARN_OBJC_ROOT_CLASS = YES_ERROR;
				CLANG_WARN_UNREACHABLE_CODE = YES;
				CLANG_WARN__DUPLICATE_METHOD_MATCH = YES;
				"CODE_SIGN_IDENTITY[sdk=iphoneos*]" = "iPhone Developer";
				COPY_PHASE_STRIP = NO;
				DEBUG_INFORMATION_FORMAT = "dwarf-with-dsym";
				ENABLE_NS_ASSERTIONS = NO;
				ENABLE_STRICT_OBJC_MSGSEND = YES;
				GCC_C_LANGUAGE_STANDARD = gnu99;
				GCC_NO_COMMON_BLOCKS = YES;
				GCC_WARN_64_TO_32_BIT_CONVERSION = YES;
				GCC_WARN_ABOUT_RETURN_TYPE = YES_ERROR;
				GCC_WARN_UNDECLARED_SELECTOR = YES;
				GCC_WARN_UNINITIALIZED_AUTOS = YES_AGGRESSIVE;
				GCC_WARN_UNUSED_FUNCTION = YES;
				GCC_WARN_UNUSED_VARIABLE = YES;
				IPHONEOS_DEPLOYMENT_TARGET = 9.3;
				MTL_ENABLE_DEBUG_INFO = NO;
				SDKROOT = iphoneos;
				VALIDATE_PRODUCT = YES;
			};
			name = Release;
		};
		04886D2B1CE991F500A0BAB8 /* Debug */ = {
			isa = XCBuildConfiguration;
			buildSettings = {
				ASSETCATALOG_COMPILER_APPICON_NAME = AppIcon;
				INFOPLIST_FILE = BLE/Info.plist;
				LD_RUNPATH_SEARCH_PATHS = "$(inherited) @executable_path/Frameworks";
				PRODUCT_BUNDLE_IDENTIFIER = com.harbinger.BLE;
				PRODUCT_NAME = "$(TARGET_NAME)";
			};
			name = Debug;
		};
		04886D2C1CE991F500A0BAB8 /* Release */ = {
			isa = XCBuildConfiguration;
			buildSettings = {
				ASSETCATALOG_COMPILER_APPICON_NAME = AppIcon;
				INFOPLIST_FILE = BLE/Info.plist;
				LD_RUNPATH_SEARCH_PATHS = "$(inherited) @executable_path/Frameworks";
				PRODUCT_BUNDLE_IDENTIFIER = com.harbinger.BLE;
				PRODUCT_NAME = "$(TARGET_NAME)";
			};
			name = Release;
		};
/* End XCBuildConfiguration section */

/* Begin XCConfigurationList section */
		04886D0B1CE991F500A0BAB8 /* Build configuration list for PBXProject "BLE" */ = {
			isa = XCConfigurationList;
			buildConfigurations = (
				04886D281CE991F500A0BAB8 /* Debug */,
				04886D291CE991F500A0BAB8 /* Release */,
			);
			defaultConfigurationIsVisible = 0;
			defaultConfigurationName = Release;
		};
		04886D2A1CE991F500A0BAB8 /* Build configuration list for PBXNativeTarget "BLE" */ = {
			isa = XCConfigurationList;
			buildConfigurations = (
				04886D2B1CE991F500A0BAB8 /* Debug */,
				04886D2C1CE991F500A0BAB8 /* Release */,
			);
			defaultConfigurationIsVisible = 0;
		};
/* End XCConfigurationList section */
	};
	rootObject = 04886D081CE991F500A0BAB8 /* Project object */;
}
